{
  "name": "ajs-homeworks_libforbrowsersandnodenew",
  "version": "1.0.0",
  "lockfileVersion": 2,
  "requires": true,
  "packages": {
    "": {
      "name": "ajs-homeworks_libforbrowsersandnodenew",
      "version": "1.0.0",
      "license": "ISC",
      "dependencies": {
        "@luxeivan/ajs-homeworks_libforbrowsersandnode": "^1.0.0"
      }
    },
    "node_modules/@luxeivan/ajs-homeworks_libforbrowsersandnode": {
      "version": "1.0.0",
      "resolved": "https://npm.pkg.github.com/download/@luxeivan/ajs-homeworks_libforbrowsersandnode/1.0.0/2191fc4baeb4083d29194dd29fa7a0fec38bcd98ddb55a2b53573e93ed658bcf",
      "integrity": "sha512-yDlmYGonGrpx8E/NGCFY/lOUyGMRCzI82xRwqcjaQKbjRJhn+dKR3D11cR7LOCP2B/gQ5EYAa9wpJOy+ESOyVA==",
      "license": "ISC"
    }
  },
  "dependencies": {
    "@luxeivan/ajs-homeworks_libforbrowsersandnode": {
      "version": "1.0.0",
      "resolved": "https://npm.pkg.github.com/download/@luxeivan/ajs-homeworks_libforbrowsersandnode/1.0.0/2191fc4baeb4083d29194dd29fa7a0fec38bcd98ddb55a2b53573e93ed658bcf",
      "integrity": "sha512-yDlmYGonGrpx8E/NGCFY/lOUyGMRCzI82xRwqcjaQKbjRJhn+dKR3D11cR7LOCP2B/gQ5EYAa9wpJOy+ESOyVA=="
    }
  }
}
